
Microsoft Visual Studio Solution File, Format Version 12.00
# Visual Studio Version 16
VisualStudioVersion = 16.0.29519.181
MinimumVisualStudioVersion = 10.0.40219.1
Project("{FAE04EC0-301F-11D3-BF4B-00C04F79EFBC}") = "GetV2ray", "GetV2ray\GetV2ray.csproj", "{B33CAFB7-20B8-4BD4-BDBA-A2E4F04E92D1}"
EndProject
Global
	GlobalSection(SolutionConfigurationPlatforms) = preSolution
		Debug|Any CPU = Debug|Any CPU
		Release|Any CPU = Release|Any CPU
	EndGlobalSection
	GlobalSection(ProjectConfigurationPlatforms) = postSolution
		{B33CAFB7-20B8-4BD4-BDBA-A2E4F04E92D1}.Debug|Any CPU.ActiveCfg = Debug|Any CPU
		{B33CAFB7-20B8-4BD4-BDBA-A2E4F04E92D1}.Debug|Any CPU.Build.0 = Debug|Any CPU
		{B33CAFB7-20B8-4BD4-BDBA-A2E4F04E92D1}.Release|Any CPU.ActiveCfg = Release|Any CPU
		{B33CAFB7-20B8-4BD4-BDBA-A2E4F04E92D1}.Release|Any CPU.Build.0 = Release|Any CPU
	EndGlobalSection
	GlobalSection(SolutionProperties) = preSolution
		HideSolutionNode = FALSE
	EndGlobalSection
	GlobalSection(ExtensibilityGlobals) = postSolution
		SolutionGuid = {30C4FF9E-ED6C-4A54-9CF5-9BFFD34AF7CF}
	EndGlobalSection
EndGlobal
